
Microsoft Visual Studio Solution File, Format Version 12.00
# Visual Studio Version 17
VisualStudioVersion = 17.7.34221.43
MinimumVisualStudioVersion = 10.0.40219.1
Project("{FAE04EC0-301F-11D3-BF4B-00C04F79EFBC}") = "LeetCodeSolutions", "LeetCodeSolutions\LeetCodeSolutions.csproj", "{12DE3C40-B0D8-4A4D-B9F2-FD28B7FE5E72}"
EndProject
Project("{FAE04EC0-301F-11D3-BF4B-00C04F79EFBC}") = "LeetCodeSolutionsTests", "LeetCodeSolutionsTests\LeetCodeSolutionsTests.csproj", "{7812A620-D799-4735-B6EE-067839346878}"
EndProject
Global
	GlobalSection(SolutionConfigurationPlatforms) = preSolution
		Debug|Any CPU = Debug|Any CPU
		Release|Any CPU = Release|Any CPU
	EndGlobalSection
	GlobalSection(ProjectConfigurationPlatforms) = postSolution
		{12DE3C40-B0D8-4A4D-B9F2-FD28B7FE5E72}.Debug|Any CPU.ActiveCfg = Debug|Any CPU
		{12DE3C40-B0D8-4A4D-B9F2-FD28B7FE5E72}.Debug|Any CPU.Build.0 = Debug|Any CPU
		{12DE3C40-B0D8-4A4D-B9F2-FD28B7FE5E72}.Release|Any CPU.ActiveCfg = Release|Any CPU
		{12DE3C40-B0D8-4A4D-B9F2-FD28B7FE5E72}.Release|Any CPU.Build.0 = Release|Any CPU
		{7812A620-D799-4735-B6EE-067839346878}.Debug|Any CPU.ActiveCfg = Debug|Any CPU
		{7812A620-D799-4735-B6EE-067839346878}.Debug|Any CPU.Build.0 = Debug|Any CPU
		{7812A620-D799-4735-B6EE-067839346878}.Release|Any CPU.ActiveCfg = Release|Any CPU
		{7812A620-D799-4735-B6EE-067839346878}.Release|Any CPU.Build.0 = Release|Any CPU
	EndGlobalSection
	GlobalSection(SolutionProperties) = preSolution
		HideSolutionNode = FALSE
	EndGlobalSection
	GlobalSection(ExtensibilityGlobals) = postSolution
		SolutionGuid = {7DEC6578-85B4-4EAF-94F8-17E1D64762AD}
	EndGlobalSection
EndGlobal
